
Microsoft Visual Studio Solution File, Format Version 12.00
# Visual Studio 15
VisualStudioVersion = 15.0.26228.4
MinimumVisualStudioVersion = 10.0.40219.1
Project("{FAE04EC0-301F-11D3-BF4B-00C04F79EFBC}") = "MonoExplorerBoy", "MonoExplorerBoy\MonoExplorerBoy.csproj", "{19388D96-062C-4370-820D-6FA083AEB505}"
EndProject
Project("{FAE04EC0-301F-11D3-BF4B-00C04F79EFBC}") = "XRpgLibrary", "XRpgLibrary\XRpgLibrary.csproj", "{58985492-131E-4D3D-B0C1-75EF96D1CFF7}"
EndProject
Project("{FAE04EC0-301F-11D3-BF4B-00C04F79EFBC}") = "RpgLibrary", "RpgLibrary\RpgLibrary.csproj", "{ADD18B9E-5E3A-459B-93C1-574F18E8D3DB}"
EndProject
Global
	GlobalSection(SolutionConfigurationPlatforms) = preSolution
		Debug|Any CPU = Debug|Any CPU
		Debug|x86 = Debug|x86
		Release|Any CPU = Release|Any CPU
		Release|x86 = Release|x86
	EndGlobalSection
	GlobalSection(ProjectConfigurationPlatforms) = postSolution
		{19388D96-062C-4370-820D-6FA083AEB505}.Debug|Any CPU.ActiveCfg = Debug|x86
		{19388D96-062C-4370-820D-6FA083AEB505}.Debug|x86.ActiveCfg = Debug|x86
		{19388D96-062C-4370-820D-6FA083AEB505}.Debug|x86.Build.0 = Debug|x86
		{19388D96-062C-4370-820D-6FA083AEB505}.Release|Any CPU.ActiveCfg = Release|x86
		{19388D96-062C-4370-820D-6FA083AEB505}.Release|x86.ActiveCfg = Release|x86
		{19388D96-062C-4370-820D-6FA083AEB505}.Release|x86.Build.0 = Release|x86
		{58985492-131E-4D3D-B0C1-75EF96D1CFF7}.Debug|Any CPU.ActiveCfg = Debug|Any CPU
		{58985492-131E-4D3D-B0C1-75EF96D1CFF7}.Debug|Any CPU.Build.0 = Debug|Any CPU
		{58985492-131E-4D3D-B0C1-75EF96D1CFF7}.Debug|x86.ActiveCfg = Debug|Any CPU
		{58985492-131E-4D3D-B0C1-75EF96D1CFF7}.Debug|x86.Build.0 = Debug|Any CPU
		{58985492-131E-4D3D-B0C1-75EF96D1CFF7}.Release|Any CPU.ActiveCfg = Release|Any CPU
		{58985492-131E-4D3D-B0C1-75EF96D1CFF7}.Release|Any CPU.Build.0 = Release|Any CPU
		{58985492-131E-4D3D-B0C1-75EF96D1CFF7}.Release|x86.ActiveCfg = Release|Any CPU
		{58985492-131E-4D3D-B0C1-75EF96D1CFF7}.Release|x86.Build.0 = Release|Any CPU
		{ADD18B9E-5E3A-459B-93C1-574F18E8D3DB}.Debug|Any CPU.ActiveCfg = Debug|Any CPU
		{ADD18B9E-5E3A-459B-93C1-574F18E8D3DB}.Debug|Any CPU.Build.0 = Debug|Any CPU
		{ADD18B9E-5E3A-459B-93C1-574F18E8D3DB}.Debug|x86.ActiveCfg = Debug|Any CPU
		{ADD18B9E-5E3A-459B-93C1-574F18E8D3DB}.Debug|x86.Build.0 = Debug|Any CPU
		{ADD18B9E-5E3A-459B-93C1-574F18E8D3DB}.Release|Any CPU.ActiveCfg = Release|Any CPU
		{ADD18B9E-5E3A-459B-93C1-574F18E8D3DB}.Release|Any CPU.Build.0 = Release|Any CPU
		{ADD18B9E-5E3A-459B-93C1-574F18E8D3DB}.Release|x86.ActiveCfg = Release|Any CPU
		{ADD18B9E-5E3A-459B-93C1-574F18E8D3DB}.Release|x86.Build.0 = Release|Any CPU
	EndGlobalSection
	GlobalSection(SolutionProperties) = preSolution
		HideSolutionNode = FALSE
	EndGlobalSection
EndGlobal
